{
  "name": "LocalValet",
  "lockfileVersion": 3,
  "requires": true,
  "packages": {
    "": {
      "devDependencies": {
        "baseline-browser-mapping": "^2.11.20"
      }
    },
    "node_modules/baseline-browser-mapping": {
      "version": "2.11.20",
      "resolved": "https://registry.npmjs.org/baseline-browser-mapping/-/baseline-browser-mapping-2.11.20.tgz",
      "integrity": "sha512-H0ulySigv6icDJ1F7SjtdCD6PrhTpdYCmP0CactWy1+ekh0AFd0o1Wn5T8b+hnTmdBx19u9yhL6wvCylXMY7zw==",
      "dev": true,
      "license": "Apache-2.0",
      "bin": {
        "baseline-browser-mapping": "dist/cli.cjs"
      },
      "engines": {
        "node": ">=6.0.0"
      }
    }
  }
}
